
Microsoft Visual Studio Solution File, Format Version 12.00
# Visual Studio Version 16
VisualStudioVersion = 16.0.31112.23
MinimumVisualStudioVersion = 10.0.40219.1
Project("{2150E333-8FDC-42A3-9474-1A3956D46DE8}") = "Tests", "Tests", "{0778A16B-8987-4D06-9C31-EEE1AEA6CD32}"
EndProject
Project("{2150E333-8FDC-42A3-9474-1A3956D46DE8}") = "Source", "Source", "{15CFCFB9-3656-4C79-8377-1AEFC6B0F72B}"
EndProject
Project("{2150E333-8FDC-42A3-9474-1A3956D46DE8}") = "Core", "Core", "{2A292926-3F85-4DEA-94F8-5B825A51EF3A}"
EndProject
Project("{2150E333-8FDC-42A3-9474-1A3956D46DE8}") = "Infrastructure", "Infrastructure", "{C86F2B17-3576-4659-BE8E-E0562731D0AD}"
EndProject
Project("{2150E333-8FDC-42A3-9474-1A3956D46DE8}") = "UI", "UI", "{90FD7076-FD1A-4CBB-9084-B83731612BEF}"
EndProject
Project("{2150E333-8FDC-42A3-9474-1A3956D46DE8}") = "WebApi", "WebApi", "{3D8FB01B-87B3-4E59-AC18-A3D55964D42A}"
EndProject
Project("{FAE04EC0-301F-11D3-BF4B-00C04F79EFBC}") = "MusicShopWebApi.Core.Domain", "MusicShopWebApi.Core.Domain\MusicShopWebApi.Core.Domain.csproj", "{A0716C72-D2D6-485B-80C8-E69E5628DD5F}"
EndProject
Global
	GlobalSection(SolutionConfigurationPlatforms) = preSolution
		Debug|Any CPU = Debug|Any CPU
		Release|Any CPU = Release|Any CPU
	EndGlobalSection
	GlobalSection(ProjectConfigurationPlatforms) = postSolution
		{A0716C72-D2D6-485B-80C8-E69E5628DD5F}.Debug|Any CPU.ActiveCfg = Debug|Any CPU
		{A0716C72-D2D6-485B-80C8-E69E5628DD5F}.Debug|Any CPU.Build.0 = Debug|Any CPU
		{A0716C72-D2D6-485B-80C8-E69E5628DD5F}.Release|Any CPU.ActiveCfg = Release|Any CPU
		{A0716C72-D2D6-485B-80C8-E69E5628DD5F}.Release|Any CPU.Build.0 = Release|Any CPU
	EndGlobalSection
	GlobalSection(SolutionProperties) = preSolution
		HideSolutionNode = FALSE
	EndGlobalSection
	GlobalSection(NestedProjects) = preSolution
		{2A292926-3F85-4DEA-94F8-5B825A51EF3A} = {15CFCFB9-3656-4C79-8377-1AEFC6B0F72B}
		{C86F2B17-3576-4659-BE8E-E0562731D0AD} = {15CFCFB9-3656-4C79-8377-1AEFC6B0F72B}
		{90FD7076-FD1A-4CBB-9084-B83731612BEF} = {15CFCFB9-3656-4C79-8377-1AEFC6B0F72B}
		{3D8FB01B-87B3-4E59-AC18-A3D55964D42A} = {15CFCFB9-3656-4C79-8377-1AEFC6B0F72B}
		{A0716C72-D2D6-485B-80C8-E69E5628DD5F} = {2A292926-3F85-4DEA-94F8-5B825A51EF3A}
	EndGlobalSection
	GlobalSection(ExtensibilityGlobals) = postSolution
		SolutionGuid = {6E35BCAF-51BE-46ED-AEDD-6420B8A0BD29}
	EndGlobalSection
EndGlobal
